
Microsoft Visual Studio Solution File, Format Version 12.00
# Visual Studio 14
VisualStudioVersion = 14.0.25420.1
MinimumVisualStudioVersion = 10.0.40219.1
Project("{2150E333-8FDC-42A3-9474-1A3956D46DE8}") = "Engine", "Engine", "{1020EAB7-A994-4575-ADC3-6D6AC2B1BE69}"
EndProject
Project("{2150E333-8FDC-42A3-9474-1A3956D46DE8}") = "Games", "Games", "{26EDD4B7-5E7B-4F9A-89DC-538DDDF8C65A}"
EndProject
Project("{8BC9CEB8-8B4A-11D0-8D11-00A0C91BC942}") = "UE4", "Intermediate\ProjectFiles\UE4.vcxproj", "{E06F7A31-26F7-4858-8D71-94C5998E0BB4}"
EndProject
Project("{8BC9CEB8-8B4A-11D0-8D11-00A0C91BC942}") = "Kitchen", "Intermediate\ProjectFiles\Kitchen.vcxproj", "{C38A991C-8F07-439A-9955-9BC4F6E64EAC}"
EndProject
Global
	GlobalSection(SolutionConfigurationPlatforms) = preSolution
		DebugGame Editor|HTML5 = DebugGame Editor|HTML5
		DebugGame Editor|Win32 = DebugGame Editor|Win32
		DebugGame Editor|Win64 = DebugGame Editor|Win64
		DebugGame|HTML5 = DebugGame|HTML5
		DebugGame|Win32 = DebugGame|Win32
		DebugGame|Win64 = DebugGame|Win64
		Development Editor|HTML5 = Development Editor|HTML5
		Development Editor|Win32 = Development Editor|Win32
		Development Editor|Win64 = Development Editor|Win64
		Development|HTML5 = Development|HTML5
		Development|Win32 = Development|Win32
		Development|Win64 = Development|Win64
		Shipping|HTML5 = Shipping|HTML5
		Shipping|Win32 = Shipping|Win32
		Shipping|Win64 = Shipping|Win64
	EndGlobalSection
	GlobalSection(ProjectConfigurationPlatforms) = postSolution
		{E06F7A31-26F7-4858-8D71-94C5998E0BB4}.DebugGame Editor|HTML5.ActiveCfg = BuiltWithUnrealBuildTool|Win32
		{E06F7A31-26F7-4858-8D71-94C5998E0BB4}.DebugGame Editor|HTML5.Build.0 = BuiltWithUnrealBuildTool|Win32
		{E06F7A31-26F7-4858-8D71-94C5998E0BB4}.DebugGame Editor|Win32.ActiveCfg = BuiltWithUnrealBuildTool|Win32
		{E06F7A31-26F7-4858-8D71-94C5998E0BB4}.DebugGame Editor|Win32.Build.0 = BuiltWithUnrealBuildTool|Win32
		{E06F7A31-26F7-4858-8D71-94C5998E0BB4}.DebugGame Editor|Win64.ActiveCfg = BuiltWithUnrealBuildTool|Win32
		{E06F7A31-26F7-4858-8D71-94C5998E0BB4}.DebugGame Editor|Win64.Build.0 = BuiltWithUnrealBuildTool|Win32
		{E06F7A31-26F7-4858-8D71-94C5998E0BB4}.DebugGame|HTML5.ActiveCfg = BuiltWithUnrealBuildTool|Win32
		{E06F7A31-26F7-4858-8D71-94C5998E0BB4}.DebugGame|HTML5.Build.0 = BuiltWithUnrealBuildTool|Win32
		{E06F7A31-26F7-4858-8D71-94C5998E0BB4}.DebugGame|Win32.ActiveCfg = BuiltWithUnrealBuildTool|Win32
		{E06F7A31-26F7-4858-8D71-94C5998E0BB4}.DebugGame|Win32.Build.0 = BuiltWithUnrealBuildTool|Win32
		{E06F7A31-26F7-4858-8D71-94C5998E0BB4}.DebugGame|Win64.ActiveCfg = BuiltWithUnrealBuildTool|Win32
		{E06F7A31-26F7-4858-8D71-94C5998E0BB4}.DebugGame|Win64.Build.0 = BuiltWithUnrealBuildTool|Win32
		{E06F7A31-26F7-4858-8D71-94C5998E0BB4}.Development Editor|HTML5.ActiveCfg = BuiltWithUnrealBuildTool|Win32
		{E06F7A31-26F7-4858-8D71-94C5998E0BB4}.Development Editor|HTML5.Build.0 = BuiltWithUnrealBuildTool|Win32
		{E06F7A31-26F7-4858-8D71-94C5998E0BB4}.Development Editor|Win32.ActiveCfg = BuiltWithUnrealBuildTool|Win32
		{E06F7A31-26F7-4858-8D71-94C5998E0BB4}.Development Editor|Win32.Build.0 = BuiltWithUnrealBuildTool|Win32
		{E06F7A31-26F7-4858-8D71-94C5998E0BB4}.Development Editor|Win64.ActiveCfg = BuiltWithUnrealBuildTool|Win32
		{E06F7A31-26F7-4858-8D71-94C5998E0BB4}.Development Editor|Win64.Build.0 = BuiltWithUnrealBuildTool|Win32
		{E06F7A31-26F7-4858-8D71-94C5998E0BB4}.Development|HTML5.ActiveCfg = BuiltWithUnrealBuildTool|Win32
		{E06F7A31-26F7-4858-8D71-94C5998E0BB4}.Development|HTML5.Build.0 = BuiltWithUnrealBuildTool|Win32
		{E06F7A31-26F7-4858-8D71-94C5998E0BB4}.Development|Win32.ActiveCfg = BuiltWithUnrealBuildTool|Win32
		{E06F7A31-26F7-4858-8D71-94C5998E0BB4}.Development|Win32.Build.0 = BuiltWithUnrealBuildTool|Win32
		{E06F7A31-26F7-4858-8D71-94C5998E0BB4}.Development|Win64.ActiveCfg = BuiltWithUnrealBuildTool|Win32
		{E06F7A31-26F7-4858-8D71-94C5998E0BB4}.Development|Win64.Build.0 = BuiltWithUnrealBuildTool|Win32
		{E06F7A31-26F7-4858-8D71-94C5998E0BB4}.Shipping|HTML5.ActiveCfg = BuiltWithUnrealBuildTool|Win32
		{E06F7A31-26F7-4858-8D71-94C5998E0BB4}.Shipping|HTML5.Build.0 = BuiltWithUnrealBuildTool|Win32
		{E06F7A31-26F7-4858-8D71-94C5998E0BB4}.Shipping|Win32.ActiveCfg = BuiltWithUnrealBuildTool|Win32
		{E06F7A31-26F7-4858-8D71-94C5998E0BB4}.Shipping|Win32.Build.0 = BuiltWithUnrealBuildTool|Win32
		{E06F7A31-26F7-4858-8D71-94C5998E0BB4}.Shipping|Win64.ActiveCfg = BuiltWithUnrealBuildTool|Win32
		{E06F7A31-26F7-4858-8D71-94C5998E0BB4}.Shipping|Win64.Build.0 = BuiltWithUnrealBuildTool|Win32
		{C38A991C-8F07-439A-9955-9BC4F6E64EAC}.DebugGame Editor|HTML5.ActiveCfg = HTML5_DebugGame_Editor|Win32
		{C38A991C-8F07-439A-9955-9BC4F6E64EAC}.DebugGame Editor|Win32.ActiveCfg = DebugGame_Editor|Win32
		{C38A991C-8F07-439A-9955-9BC4F6E64EAC}.DebugGame Editor|Win64.ActiveCfg = DebugGame_Editor|x64
		{C38A991C-8F07-439A-9955-9BC4F6E64EAC}.DebugGame Editor|Win64.Build.0 = DebugGame_Editor|x64
		{C38A991C-8F07-439A-9955-9BC4F6E64EAC}.DebugGame|HTML5.ActiveCfg = HTML5_DebugGame_Game|Win32
		{C38A991C-8F07-439A-9955-9BC4F6E64EAC}.DebugGame|HTML5.Build.0 = HTML5_DebugGame_Game|Win32
		{C38A991C-8F07-439A-9955-9BC4F6E64EAC}.DebugGame|Win32.ActiveCfg = DebugGame_Game|Win32
		{C38A991C-8F07-439A-9955-9BC4F6E64EAC}.DebugGame|Win32.Build.0 = DebugGame_Game|Win32
		{C38A991C-8F07-439A-9955-9BC4F6E64EAC}.DebugGame|Win64.ActiveCfg = DebugGame_Game|x64
		{C38A991C-8F07-439A-9955-9BC4F6E64EAC}.DebugGame|Win64.Build.0 = DebugGame_Game|x64
		{C38A991C-8F07-439A-9955-9BC4F6E64EAC}.Development Editor|HTML5.ActiveCfg = HTML5_Development_Editor|Win32
		{C38A991C-8F07-439A-9955-9BC4F6E64EAC}.Development Editor|Win32.ActiveCfg = Development_Editor|Win32
		{C38A991C-8F07-439A-9955-9BC4F6E64EAC}.Development Editor|Win64.ActiveCfg = Development_Editor|x64
		{C38A991C-8F07-439A-9955-9BC4F6E64EAC}.Development Editor|Win64.Build.0 = Development_Editor|x64
		{C38A991C-8F07-439A-9955-9BC4F6E64EAC}.Development|HTML5.ActiveCfg = HTML5_Development_Game|Win32
		{C38A991C-8F07-439A-9955-9BC4F6E64EAC}.Development|HTML5.Build.0 = HTML5_Development_Game|Win32
		{C38A991C-8F07-439A-9955-9BC4F6E64EAC}.Development|Win32.ActiveCfg = Development_Game|Win32
		{C38A991C-8F07-439A-9955-9BC4F6E64EAC}.Development|Win32.Build.0 = Development_Game|Win32
		{C38A991C-8F07-439A-9955-9BC4F6E64EAC}.Development|Win64.ActiveCfg = Development_Game|x64
		{C38A991C-8F07-439A-9955-9BC4F6E64EAC}.Development|Win64.Build.0 = Development_Game|x64
		{C38A991C-8F07-439A-9955-9BC4F6E64EAC}.Shipping|HTML5.ActiveCfg = HTML5_Shipping_Game|Win32
		{C38A991C-8F07-439A-9955-9BC4F6E64EAC}.Shipping|HTML5.Build.0 = HTML5_Shipping_Game|Win32
		{C38A991C-8F07-439A-9955-9BC4F6E64EAC}.Shipping|Win32.ActiveCfg = Shipping_Game|Win32
		{C38A991C-8F07-439A-9955-9BC4F6E64EAC}.Shipping|Win32.Build.0 = Shipping_Game|Win32
		{C38A991C-8F07-439A-9955-9BC4F6E64EAC}.Shipping|Win64.ActiveCfg = Shipping_Game|x64
		{C38A991C-8F07-439A-9955-9BC4F6E64EAC}.Shipping|Win64.Build.0 = Shipping_Game|x64
	EndGlobalSection
	GlobalSection(SolutionProperties) = preSolution
		HideSolutionNode = FALSE
	EndGlobalSection
	GlobalSection(NestedProjects) = preSolution
		{E06F7A31-26F7-4858-8D71-94C5998E0BB4} = {1020EAB7-A994-4575-ADC3-6D6AC2B1BE69}
		{C38A991C-8F07-439A-9955-9BC4F6E64EAC} = {26EDD4B7-5E7B-4F9A-89DC-538DDDF8C65A}
	EndGlobalSection
EndGlobal
